
Microsoft Visual Studio Solution File, Format Version 12.00
# Visual Studio Version 16
VisualStudioVersion = 16.0.30717.126
MinimumVisualStudioVersion = 10.0.40219.1
Project("{FAE04EC0-301F-11D3-BF4B-00C04F79EFBC}") = "PastelLegacy", "PastelLegacy.csproj", "{6C6874A8-1883-11EE-BE56-0242AC120002}"
EndProject
Global
	GlobalSection(SolutionConfigurationPlatforms) = preSolution
		Debug|Any CPU = Debug|Any CPU
		Release|Any CPU = Release|Any CPU
	EndGlobalSection
	GlobalSection(ProjectConfigurationPlatforms) = postSolution
		{6C6874A8-1883-11EE-BE56-0242AC120002}.Debug|Any CPU.ActiveCfg = Debug|Any CPU
		{6C6874A8-1883-11EE-BE56-0242AC120002}.Debug|Any CPU.Build.0 = Debug|Any CPU
		{6C6874A8-1883-11EE-BE56-0242AC120002}.Release|Any CPU.ActiveCfg = Release|Any CPU
		{6C6874A8-1883-11EE-BE56-0242AC120002}.Release|Any CPU.Build.0 = Release|Any CPU
	EndGlobalSection
	GlobalSection(SolutionProperties) = preSolution
		HideSolutionNode = FALSE
	EndGlobalSection
	GlobalSection(ExtensibilityGlobals) = postSolution
		SolutionGuid = {92DD0C84-1883-11EE-BE56-0242AC120002}
	EndGlobalSection
EndGlobal
